
Microsoft Visual Studio Solution File, Format Version 11.00
# Visual Studio 2010
Project("{FAE04EC0-301F-11D3-BF4B-00C04F79EFBC}") = "Pong", "Pong\Pong\Pong.csproj", "{7470DFF9-4D41-4759-847F-940F6681BBB3}"
EndProject
Project("{96E2B04D-8817-42C6-938A-82C39BA4D311}") = "PongContent", "Pong\PongContent\PongContent.contentproj", "{1D3FB92F-4293-488A-8B1F-FF62FDB3CCBB}"
EndProject
Global
	GlobalSection(SolutionConfigurationPlatforms) = preSolution
		Debug|x86 = Debug|x86
		Release|x86 = Release|x86
	EndGlobalSection
	GlobalSection(ProjectConfigurationPlatforms) = postSolution
		{7470DFF9-4D41-4759-847F-940F6681BBB3}.Debug|x86.ActiveCfg = Debug|x86
		{7470DFF9-4D41-4759-847F-940F6681BBB3}.Debug|x86.Build.0 = Debug|x86
		{7470DFF9-4D41-4759-847F-940F6681BBB3}.Release|x86.ActiveCfg = Release|x86
		{7470DFF9-4D41-4759-847F-940F6681BBB3}.Release|x86.Build.0 = Release|x86
		{1D3FB92F-4293-488A-8B1F-FF62FDB3CCBB}.Debug|x86.ActiveCfg = Debug|x86
		{1D3FB92F-4293-488A-8B1F-FF62FDB3CCBB}.Release|x86.ActiveCfg = Release|x86
	EndGlobalSection
	GlobalSection(SolutionProperties) = preSolution
		HideSolutionNode = FALSE
	EndGlobalSection
EndGlobal
